// !$*UTF8*$!
{
	archiveVersion = 1;
	classes = {
	};
	objectVersion = 77;
	objects = {

/* Begin PBXContainerItemProxy section */
		051DF32A2CFD8D7A00DA136F /* PBXContainerItemProxy */ = {
			isa = PBXContainerItemProxy;
			containerPortal = 051DF30B2CFD8D7900DA136F /* Project object */;
			proxyType = 1;
			remoteGlobalIDString = 051DF3122CFD8D7900DA136F;
			remoteInfo = Team25_SCM;
		};
		051DF3342CFD8D7A00DA136F /* PBXContainerItemProxy */ = {
			isa = PBXContainerItemProxy;
			containerPortal = 051DF30B2CFD8D7900DA136F /* Project object */;
			proxyType = 1;
			remoteGlobalIDString = 051DF3122CFD8D7900DA136F;
			remoteInfo = Team25_SCM;
		};
/* End PBXContainerItemProxy section */

/* Begin PBXFileReference section */
		051DF3132CFD8D7900DA136F /* Team25_SCM.app */ = {isa = PBXFileReference; explicitFileType = wrapper.application; includeInIndex = 0; path = Team25_SCM.app; sourceTree = BUILT_PRODUCTS_DIR; };
		051DF3292CFD8D7A00DA136F /* Team25_SCMTests.xctest */ = {isa = PBXFileReference; explicitFileType = wrapper.cfbundle; includeInIndex = 0; path = Team25_SCMTests.xctest; sourceTree = BUILT_PRODUCTS_DIR; };
		051DF3332CFD8D7A00DA136F /* Team25_SCMUITests.xctest */ = {isa = PBXFileReference; explicitFileType = wrapper.cfbundle; includeInIndex = 0; path = Team25_SCMUITests.xctest; sourceTree = BUILT_PRODUCTS_DIR; };
/* End PBXFileReference section */

/* Begin PBXFileSystemSynchronizedBuildFileExceptionSet section */
		051DF33B2CFD8D7A00DA136F /* Exceptions for "Team25_SCM" folder in "Team25_SCM" target */ = {
			isa = PBXFileSystemSynchronizedBuildFileExceptionSet;
			membershipExceptions = (
				Info.plist,
			);
			target = 051DF3122CFD8D7900DA136F /* Team25_SCM */;
		};
/* End PBXFileSystemSynchronizedBuildFileExceptionSet section */

/* Begin PBXFileSystemSynchronizedRootGroup section */
		051DF3152CFD8D7900DA136F /* Team25_SCM */ = {
			isa = PBXFileSystemSynchronizedRootGroup;
			exceptions = (
				051DF33B2CFD8D7A00DA136F /* Exceptions for "Team25_SCM" folder in "Team25_SCM" target */,
			);
			path = Team25_SCM;
			sourceTree = "<group>";
		};
		051DF32C2CFD8D7A00DA136F /* Team25_SCMTests */ = {
			isa = PBXFileSystemSynchronizedRootGroup;
			path = Team25_SCMTests;
			sourceTree = "<group>";
		};
		051DF3362CFD8D7A00DA136F /* Team25_SCMUITests */ = {
			isa = PBXFileSystemSynchronizedRootGroup;
			path = Team25_SCMUITests;
			sourceTree = "<group>";
		};
/* End PBXFileSystemSynchronizedRootGroup section */

/* Begin PBXFrameworksBuildPhase section */
		051DF3102CFD8D7900DA136F /* Frameworks */ = {
			isa = PBXFrameworksBuildPhase;
			buildActionMask = 2147483647;
			files = (
			);
			runOnlyForDeploymentPostprocessing = 0;
		};
		051DF3262CFD8D7A00DA136F /* Frameworks */ = {
			isa = PBXFrameworksBuildPhase;
			buildActionMask = 2147483647;
			files = (
			);
			runOnlyForDeploymentPostprocessing = 0;
		};
		051DF3302CFD8D7A00DA136F /* Frameworks */ = {
			isa = PBXFrameworksBuildPhase;
			buildActionMask = 2147483647;
			files = (
			);
			runOnlyForDeploymentPostprocessing = 0;
		};
/* End PBXFrameworksBuildPhase section */

/* Begin PBXGroup section */
		051DF30A2CFD8D7900DA136F = {
			isa = PBXGroup;
			children = (
				051DF3152CFD8D7900DA136F /* Team25_SCM */,
				051DF32C2CFD8D7A00DA136F /* Team25_SCMTests */,
				051DF3362CFD8D7A00DA136F /* Team25_SCMUITests */,
				051DF3142CFD8D7900DA136F /* Products */,
			);
			sourceTree = "<group>";
		};
		051DF3142CFD8D7900DA136F /* Products */ = {
			isa = PBXGroup;
			children = (
				051DF3132CFD8D7900DA136F /* Team25_SCM.app */,
				051DF3292CFD8D7A00DA136F /* Team25_SCMTests.xctest */,
				051DF3332CFD8D7A00DA136F /* Team25_SCMUITests.xctest */,
			);
			name = Products;
			sourceTree = "<group>";
		};
/* End PBXGroup section */

/* Begin PBXNativeTarget section */
		051DF3122CFD8D7900DA136F /* Team25_SCM */ = {
			isa = PBXNativeTarget;
			buildConfigurationList = 051DF33C2CFD8D7A00DA136F /* Build configuration list for PBXNativeTarget "Team25_SCM" */;
			buildPhases = (
				051DF30F2CFD8D7900DA136F /* Sources */,
				051DF3102CFD8D7900DA136F /* Frameworks */,
				051DF3112CFD8D7900DA136F /* Resources */,
			);
			buildRules = (
			);
			dependencies = (
			);
			fileSystemSynchronizedGroups = (
				051DF3152CFD8D7900DA136F /* Team25_SCM */,
			);
			name = Team25_SCM;
			packageProductDependencies = (
			);
			productName = Team25_SCM;
			productReference = 051DF3132CFD8D7900DA136F /* Team25_SCM.app */;
			productType = "com.apple.product-type.application";
		};
		051DF3282CFD8D7A00DA136F /* Team25_SCMTests */ = {
			isa = PBXNativeTarget;
			buildConfigurationList = 051DF3412CFD8D7A00DA136F /* Build configuration list for PBXNativeTarget "Team25_SCMTests" */;
			buildPhases = (
				051DF3252CFD8D7A00DA136F /* Sources */,
				051DF3262CFD8D7A00DA136F /* Frameworks */,
				051DF3272CFD8D7A00DA136F /* Resources */,
			);
			buildRules = (
			);
			dependencies = (
				051DF32B2CFD8D7A00DA136F /* PBXTargetDependency */,
			);
			fileSystemSynchronizedGroups = (
				051DF32C2CFD8D7A00DA136F /* Team25_SCMTests */,
			);
			name = Team25_SCMTests;
			packageProductDependencies = (
			);
			productName = Team25_SCMTests;
			productReference = 051DF3292CFD8D7A00DA136F /* Team25_SCMTests.xctest */;
			productType = "com.apple.product-type.bundle.unit-test";
		};
		051DF3322CFD8D7A00DA136F /* Team25_SCMUITests */ = {
			isa = PBXNativeTarget;
			buildConfigurationList = 051DF3442CFD8D7A00DA136F /* Build configuration list for PBXNativeTarget "Team25_SCMUITests" */;
			buildPhases = (
				051DF32F2CFD8D7A00DA136F /* Sources */,
				051DF3302CFD8D7A00DA136F /* Frameworks */,
				051DF3312CFD8D7A00DA136F /* Resources */,
			);
			buildRules = (
			);
			dependencies = (
				051DF3352CFD8D7A00DA136F /* PBXTargetDependency */,
			);
			fileSystemSynchronizedGroups = (
				051DF3362CFD8D7A00DA136F /* Team25_SCMUITests */,
			);
			name = Team25_SCMUITests;
			packageProductDependencies = (
			);
			productName = Team25_SCMUITests;
			productReference = 051DF3332CFD8D7A00DA136F /* Team25_SCMUITests.xctest */;
			productType = "com.apple.product-type.bundle.ui-testing";
		};
/* End PBXNativeTarget section */

/* Begin PBXProject section */
		051DF30B2CFD8D7900DA136F /* Project object */ = {
			isa = PBXProject;
			attributes = {
				BuildIndependentTargetsInParallel = 1;
				LastSwiftUpdateCheck = 1610;
				LastUpgradeCheck = 1610;
				TargetAttributes = {
					051DF3122CFD8D7900DA136F = {
						CreatedOnToolsVersion = 16.1;
					};
					051DF3282CFD8D7A00DA136F = {
						CreatedOnToolsVersion = 16.1;
						TestTargetID = 051DF3122CFD8D7900DA136F;
					};
					051DF3322CFD8D7A00DA136F = {
						CreatedOnToolsVersion = 16.1;
						TestTargetID = 051DF3122CFD8D7900DA136F;
					};
				};
			};
			buildConfigurationList = 051DF30E2CFD8D7900DA136F /* Build configuration list for PBXProject "Team25_SCM" */;
			developmentRegion = en;
			hasScannedForEncodings = 0;
			knownRegions = (
				en,
				Base,
			);
			mainGroup = 051DF30A2CFD8D7900DA136F;
			minimizedProjectReferenceProxies = 1;
			preferredProjectObjectVersion = 77;
			productRefGroup = 051DF3142CFD8D7900DA136F /* Products */;
			projectDirPath = "";
			projectRoot = "";
			targets = (
				051DF3122CFD8D7900DA136F /* Team25_SCM */,
				051DF3282CFD8D7A00DA136F /* Team25_SCMTests */,
				051DF3322CFD8D7A00DA136F /* Team25_SCMUITests */,
			);
		};
/* End PBXProject section */

/* Begin PBXResourcesBuildPhase section */
		051DF3112CFD8D7900DA136F /* Resources */ = {
			isa = PBXResourcesBuildPhase;
			buildActionMask = 2147483647;
			files = (
			);
			runOnlyForDeploymentPostprocessing = 0;
		};
		051DF3272CFD8D7A00DA136F /* Resources */ = {
			isa = PBXResourcesBuildPhase;
			buildActionMask = 2147483647;
			files = (
			);
			runOnlyForDeploymentPostprocessing = 0;
		};
		051DF3312CFD8D7A00DA136F /* Resources */ = {
			isa = PBXResourcesBuildPhase;
			buildActionMask = 2147483647;
			files = (
			);
			runOnlyForDeploymentPostprocessing = 0;
		};
/* End PBXResourcesBuildPhase section */

/* Begin PBXSourcesBuildPhase section */
		051DF30F2CFD8D7900DA136F /* Sources */ = {
			isa = PBXSourcesBuildPhase;
			buildActionMask = 2147483647;
			files = (
			);
			runOnlyForDeploymentPostprocessing = 0;
		};
		051DF3252CFD8D7A00DA136F /* Sources */ = {
			isa = PBXSourcesBuildPhase;
			buildActionMask = 2147483647;
			files = (
			);
			runOnlyForDeploymentPostprocessing = 0;
		};
		051DF32F2CFD8D7A00DA136F /* Sources */ = {
			isa = PBXSourcesBuildPhase;
			buildActionMask = 2147483647;
			files = (
			);
			runOnlyForDeploymentPostprocessing = 0;
		};
/* End PBXSourcesBuildPhase section */

/* Begin PBXTargetDependency section */
		051DF32B2CFD8D7A00DA136F /* PBXTargetDependency */ = {
			isa = PBXTargetDependency;
			target = 051DF3122CFD8D7900DA136F /* Team25_SCM */;
			targetProxy = 051DF32A2CFD8D7A00DA136F /* PBXContainerItemProxy */;
		};
		051DF3352CFD8D7A00DA136F /* PBXTargetDependency */ = {
			isa = PBXTargetDependency;
			target = 051DF3122CFD8D7900DA136F /* Team25_SCM */;
			targetProxy = 051DF3342CFD8D7A00DA136F /* PBXContainerItemProxy */;
		};
/* End PBXTargetDependency section */

/* Begin XCBuildConfiguration section */
		051DF33D2CFD8D7A00DA136F /* Debug */ = {
			isa = XCBuildConfiguration;
			buildSettings = {
				ASSETCATALOG_COMPILER_APPICON_NAME = AppIcon;
				ASSETCATALOG_COMPILER_GLOBAL_ACCENT_COLOR_NAME = AccentColor;
				CODE_SIGN_STYLE = Automatic;
				CURRENT_PROJECT_VERSION = 1;
				GENERATE_INFOPLIST_FILE = YES;
				INFOPLIST_FILE = Team25_SCM/Info.plist;
				INFOPLIST_KEY_UIApplicationSupportsIndirectInputEvents = YES;
				INFOPLIST_KEY_UILaunchStoryboardName = LaunchScreen;
				INFOPLIST_KEY_UIMainStoryboardFile = Main;
				INFOPLIST_KEY_UISupportedInterfaceOrientations_iPad = "UIInterfaceOrientationPortrait UIInterfaceOrientationPortraitUpsideDown UIInterfaceOrientationLandscapeLeft UIInterfaceOrientationLandscapeRight";
				INFOPLIST_KEY_UISupportedInterfaceOrientations_iPhone = "UIInterfaceOrientationPortrait UIInterfaceOrientationLandscapeLeft UIInterfaceOrientationLandscapeRight";
				LD_RUNPATH_SEARCH_PATHS = (
					"$(inherited)",
					"@executable_path/Frameworks",
				);
				MARKETING_VERSION = 1.0;
				PRODUCT_BUNDLE_IDENTIFIER = "galgotias.in.Team25-SCM";
				PRODUCT_NAME = "$(TARGET_NAME)";
				SWIFT_EMIT_LOC_STRINGS = YES;
				SWIFT_VERSION = 5.0;
				TARGETED_DEVICE_FAMILY = "1,2";
			};
			name = Debug;
		};
		051DF33E2CFD8D7A00DA136F /* Release */ = {
			isa = XCBuildConfiguration;
			buildSettings = {
				ASSETCATALOG_COMPILER_APPICON_NAME = AppIcon;
				ASSETCATALOG_COMPILER_GLOBAL_ACCENT_COLOR_NAME = AccentColor;
				CODE_SIGN_STYLE = Automatic;
				CURRENT_PROJECT_VERSION = 1;
				GENERATE_INFOPLIST_FILE = YES;
				INFOPLIST_FILE = Team25_SCM/Info.plist;
				INFOPLIST_KEY_UIApplicationSupportsIndirectInputEvents = YES;
				INFOPLIST_KEY_UILaunchStoryboardName = LaunchScreen;
				INFOPLIST_KEY_UIMainStoryboardFile = Main;
				INFOPLIST_KEY_UISupportedInterfaceOrientations_iPad = "UIInterfaceOrientationPortrait UIInterfaceOrientationPortraitUpsideDown UIInterfaceOrientationLandscapeLeft UIInterfaceOrientationLandscapeRight";
				INFOPLIST_KEY_UISupportedInterfaceOrientations_iPhone = "UIInterfaceOrientationPortrait UIInterfaceOrientationLandscapeLeft UIInterfaceOrientationLandscapeRight";
				LD_RUNPATH_SEARCH_PATHS = (
					"$(inherited)",
					"@executable_path/Frameworks",
				);
				MARKETING_VERSION = 1.0;
				PRODUCT_BUNDLE_IDENTIFIER = "galgotias.in.Team25-SCM";
				PRODUCT_NAME = "$(TARGET_NAME)";
				SWIFT_EMIT_LOC_STRINGS = YES;
				SWIFT_VERSION = 5.0;
				TARGETED_DEVICE_FAMILY = "1,2";
			};
			name = Release;
		};
		051DF33F2CFD8D7A00DA136F /* Debug */ = {
			isa = XCBuildConfiguration;
			buildSettings = {
				ALWAYS_SEARCH_USER_PATHS = NO;
				ASSETCATALOG_COMPILER_GENERATE_SWIFT_ASSET_SYMBOL_EXTENSIONS = YES;
				CLANG_ANALYZER_NONNULL = YES;
				CLANG_ANALYZER_NUMBER_OBJECT_CONVERSION = YES_AGGRESSIVE;
				CLANG_CXX_LANGUAGE_STANDARD = "gnu++20";
				CLANG_ENABLE_MODULES = YES;
				CLANG_ENABLE_OBJC_ARC = YES;
				CLANG_ENABLE_OBJC_WEAK = YES;
				CLANG_WARN_BLOCK_CAPTURE_AUTORELEASING = YES;
				CLANG_WARN_BOOL_CONVERSION = YES;
				CLANG_WARN_COMMA = YES;
				CLANG_WARN_CONSTANT_CONVERSION = YES;
				CLANG_WARN_DEPRECATED_OBJC_IMPLEMENTATIONS = YES;
				CLANG_WARN_DIRECT_OBJC_ISA_USAGE = YES_ERROR;
				CLANG_WARN_DOCUMENTATION_COMMENTS = YES;
				CLANG_WARN_EMPTY_BODY = YES;
				CLANG_WARN_ENUM_CONVERSION = YES;
				CLANG_WARN_INFINITE_RECURSION = YES;
				CLANG_WARN_INT_CONVERSION = YES;
				CLANG_WARN_NON_LITERAL_NULL_CONVERSION = YES;
				CLANG_WARN_OBJC_IMPLICIT_RETAIN_SELF = YES;
				CLANG_WARN_OBJC_LITERAL_CONVERSION = YES;
				CLANG_WARN_OBJC_ROOT_CLASS = YES_ERROR;
				CLANG_WARN_QUOTED_INCLUDE_IN_FRAMEWORK_HEADER = YES;
				CLANG_WARN_RANGE_LOOP_ANALYSIS = YES;
				CLANG_WARN_STRICT_PROTOTYPES = YES;
				CLANG_WARN_SUSPICIOUS_MOVE = YES;
				CLANG_WARN_UNGUARDED_AVAILABILITY = YES_AGGRESSIVE;
				CLANG_WARN_UNREACHABLE_CODE = YES;
				CLANG_WARN__DUPLICATE_METHOD_MATCH = YES;
				COPY_PHASE_STRIP = NO;
				DEBUG_INFORMATION_FORMAT = dwarf;
				ENABLE_STRICT_OBJC_MSGSEND = YES;
				ENABLE_TESTABILITY = YES;
				ENABLE_USER_SCRIPT_SANDBOXING = YES;
				GCC_C_LANGUAGE_STANDARD = gnu17;
				GCC_DYNAMIC_NO_PIC = NO;
				GCC_NO_COMMON_BLOCKS = YES;
				GCC_OPTIMIZATION_LEVEL = 0;
				GCC_PREPROCESSOR_DEFINITIONS = (
					"DEBUG=1",
					"$(inherited)",
				);
				GCC_WARN_64_TO_32_BIT_CONVERSION = YES;
				GCC_WARN_ABOUT_RETURN_TYPE = YES_ERROR;
				GCC_WARN_UNDECLARED_SELECTOR = YES;
				GCC_WARN_UNINITIALIZED_AUTOS = YES_AGGRESSIVE;
				GCC_WARN_UNUSED_FUNCTION = YES;
				GCC_WARN_UNUSED_VARIABLE = YES;
				IPHONEOS_DEPLOYMENT_TARGET = 18.1;
				LOCALIZATION_PREFERS_STRING_CATALOGS = YES;
				MTL_ENABLE_DEBUG_INFO = INCLUDE_SOURCE;
				MTL_FAST_MATH = YES;
				ONLY_ACTIVE_ARCH = YES;
				SDKROOT = iphoneos;
				SWIFT_ACTIVE_COMPILATION_CONDITIONS = "DEBUG $(inherited)";
				SWIFT_OPTIMIZATION_LEVEL = "-Onone";
			};
			name = Debug;
		};
		051DF3402CFD8D7A00DA136F /* Release */ = {
			isa = XCBuildConfiguration;
			buildSettings = {
				ALWAYS_SEARCH_USER_PATHS = NO;
				ASSETCATALOG_COMPILER_GENERATE_SWIFT_ASSET_SYMBOL_EXTENSIONS = YES;
				CLANG_ANALYZER_NONNULL = YES;
				CLANG_ANALYZER_NUMBER_OBJECT_CONVERSION = YES_AGGRESSIVE;
				CLANG_CXX_LANGUAGE_STANDARD = "gnu++20";
				CLANG_ENABLE_MODULES = YES;
				CLANG_ENABLE_OBJC_ARC = YES;
				CLANG_ENABLE_OBJC_WEAK = YES;
				CLANG_WARN_BLOCK_CAPTURE_AUTORELEASING = YES;
				CLANG_WARN_BOOL_CONVERSION = YES;
				CLANG_WARN_COMMA = YES;
				CLANG_WARN_CONSTANT_CONVERSION = YES;
				CLANG_WARN_DEPRECATED_OBJC_IMPLEMENTATIONS = YES;
				CLANG_WARN_DIRECT_OBJC_ISA_USAGE = YES_ERROR;
				CLANG_WARN_DOCUMENTATION_COMMENTS = YES;
				CLANG_WARN_EMPTY_BODY = YES;
				CLANG_WARN_ENUM_CONVERSION = YES;
				CLANG_WARN_INFINITE_RECURSION = YES;
				CLANG_WARN_INT_CONVERSION = YES;
				CLANG_WARN_NON_LITERAL_NULL_CONVERSION = YES;
				CLANG_WARN_OBJC_IMPLICIT_RETAIN_SELF = YES;
				CLANG_WARN_OBJC_LITERAL_CONVERSION = YES;
				CLANG_WARN_OBJC_ROOT_CLASS = YES_ERROR;
				CLANG_WARN_QUOTED_INCLUDE_IN_FRAMEWORK_HEADER = YES;
				CLANG_WARN_RANGE_LOOP_ANALYSIS = YES;
				CLANG_WARN_STRICT_PROTOTYPES = YES;
				CLANG_WARN_SUSPICIOUS_MOVE = YES;
				CLANG_WARN_UNGUARDED_AVAILABILITY = YES_AGGRESSIVE;
				CLANG_WARN_UNREACHABLE_CODE = YES;
				CLANG_WARN__DUPLICATE_METHOD_MATCH = YES;
				COPY_PHASE_STRIP = NO;
				DEBUG_INFORMATION_FORMAT = "dwarf-with-dsym";
				ENABLE_NS_ASSERTIONS = NO;
				ENABLE_STRICT_OBJC_MSGSEND = YES;
				ENABLE_USER_SCRIPT_SANDBOXING = YES;
				GCC_C_LANGUAGE_STANDARD = gnu17;
				GCC_NO_COMMON_BLOCKS = YES;
				GCC_WARN_64_TO_32_BIT_CONVERSION = YES;
				GCC_WARN_ABOUT_RETURN_TYPE = YES_ERROR;
				GCC_WARN_UNDECLARED_SELECTOR = YES;
				GCC_WARN_UNINITIALIZED_AUTOS = YES_AGGRESSIVE;
				GCC_WARN_UNUSED_FUNCTION = YES;
				GCC_WARN_UNUSED_VARIABLE = YES;
				IPHONEOS_DEPLOYMENT_TARGET = 18.1;
				LOCALIZATION_PREFERS_STRING_CATALOGS = YES;
				MTL_ENABLE_DEBUG_INFO = NO;
				MTL_FAST_MATH = YES;
				SDKROOT = iphoneos;
				SWIFT_COMPILATION_MODE = wholemodule;
				VALIDATE_PRODUCT = YES;
			};
			name = Release;
		};
		051DF3422CFD8D7A00DA136F /* Debug */ = {
			isa = XCBuildConfiguration;
			buildSettings = {
				BUNDLE_LOADER = "$(TEST_HOST)";
				CODE_SIGN_STYLE = Automatic;
				CURRENT_PROJECT_VERSION = 1;
				GENERATE_INFOPLIST_FILE = YES;
				IPHONEOS_DEPLOYMENT_TARGET = 18.1;
				MARKETING_VERSION = 1.0;
				PRODUCT_BUNDLE_IDENTIFIER = "galgotias.in.Team25-SCMTests";
				PRODUCT_NAME = "$(TARGET_NAME)";
				SWIFT_EMIT_LOC_STRINGS = NO;
				SWIFT_VERSION = 5.0;
				TARGETED_DEVICE_FAMILY = "1,2";
				TEST_HOST = "$(BUILT_PRODUCTS_DIR)/Team25_SCM.app/$(BUNDLE_EXECUTABLE_FOLDER_PATH)/Team25_SCM";
			};
			name = Debug;
		};
		051DF3432CFD8D7A00DA136F /* Release */ = {
			isa = XCBuildConfiguration;
			buildSettings = {
				BUNDLE_LOADER = "$(TEST_HOST)";
				CODE_SIGN_STYLE = Automatic;
				CURRENT_PROJECT_VERSION = 1;
				GENERATE_INFOPLIST_FILE = YES;
				IPHONEOS_DEPLOYMENT_TARGET = 18.1;
				MARKETING_VERSION = 1.0;
				PRODUCT_BUNDLE_IDENTIFIER = "galgotias.in.Team25-SCMTests";
				PRODUCT_NAME = "$(TARGET_NAME)";
				SWIFT_EMIT_LOC_STRINGS = NO;
				SWIFT_VERSION = 5.0;
				TARGETED_DEVICE_FAMILY = "1,2";
				TEST_HOST = "$(BUILT_PRODUCTS_DIR)/Team25_SCM.app/$(BUNDLE_EXECUTABLE_FOLDER_PATH)/Team25_SCM";
			};
			name = Release;
		};
		051DF3452CFD8D7A00DA136F /* Debug */ = {
			isa = XCBuildConfiguration;
			buildSettings = {
				CODE_SIGN_STYLE = Automatic;
				CURRENT_PROJECT_VERSION = 1;
				GENERATE_INFOPLIST_FILE = YES;
				MARKETING_VERSION = 1.0;
				PRODUCT_BUNDLE_IDENTIFIER = "galgotias.in.Team25-SCMUITests";
				PRODUCT_NAME = "$(TARGET_NAME)";
				SWIFT_EMIT_LOC_STRINGS = NO;
				SWIFT_VERSION = 5.0;
				TARGETED_DEVICE_FAMILY = "1,2";
				TEST_TARGET_NAME = Team25_SCM;
			};
			name = Debug;
		};
		051DF3462CFD8D7A00DA136F /* Release */ = {
			isa = XCBuildConfiguration;
			buildSettings = {
				CODE_SIGN_STYLE = Automatic;
				CURRENT_PROJECT_VERSION = 1;
				GENERATE_INFOPLIST_FILE = YES;
				MARKETING_VERSION = 1.0;
				PRODUCT_BUNDLE_IDENTIFIER = "galgotias.in.Team25-SCMUITests";
				PRODUCT_NAME = "$(TARGET_NAME)";
				SWIFT_EMIT_LOC_STRINGS = NO;
				SWIFT_VERSION = 5.0;
				TARGETED_DEVICE_FAMILY = "1,2";
				TEST_TARGET_NAME = Team25_SCM;
			};
			name = Release;
		};
/* End XCBuildConfiguration section */

/* Begin XCConfigurationList section */
		051DF30E2CFD8D7900DA136F /* Build configuration list for PBXProject "Team25_SCM" */ = {
			isa = XCConfigurationList;
			buildConfigurations = (
				051DF33F2CFD8D7A00DA136F /* Debug */,
				051DF3402CFD8D7A00DA136F /* Release */,
			);
			defaultConfigurationIsVisible = 0;
			defaultConfigurationName = Release;
		};
		051DF33C2CFD8D7A00DA136F /* Build configuration list for PBXNativeTarget "Team25_SCM" */ = {
			isa = XCConfigurationList;
			buildConfigurations = (
				051DF33D2CFD8D7A00DA136F /* Debug */,
				051DF33E2CFD8D7A00DA136F /* Release */,
			);
			defaultConfigurationIsVisible = 0;
			defaultConfigurationName = Release;
		};
		051DF3412CFD8D7A00DA136F /* Build configuration list for PBXNativeTarget "Team25_SCMTests" */ = {
			isa = XCConfigurationList;
			buildConfigurations = (
				051DF3422CFD8D7A00DA136F /* Debug */,
				051DF3432CFD8D7A00DA136F /* Release */,
			);
			defaultConfigurationIsVisible = 0;
			defaultConfigurationName = Release;
		};
		051DF3442CFD8D7A00DA136F /* Build configuration list for PBXNativeTarget "Team25_SCMUITests" */ = {
			isa = XCConfigurationList;
			buildConfigurations = (
				051DF3452CFD8D7A00DA136F /* Debug */,
				051DF3462CFD8D7A00DA136F /* Release */,
			);
			defaultConfigurationIsVisible = 0;
			defaultConfigurationName = Release;
		};
/* End XCConfigurationList section */
	};
	rootObject = 051DF30B2CFD8D7900DA136F /* Project object */;
}
